
Microsoft Visual Studio Solution File, Format Version 12.00
# Visual Studio Version 17
VisualStudioVersion = 17.10.34916.146
MinimumVisualStudioVersion = 10.0.40219.1
Project("{2150E333-8FDC-42A3-9474-1A3956D46DE8}") = "src", "src", "{BA564CB5-1908-41F9-A32A-3535BBE0E8C6}"
EndProject
Project("{2150E333-8FDC-42A3-9474-1A3956D46DE8}") = "test", "test", "{A86EFFD3-A604-4591-B5CA-4E778CCFC081}"
EndProject
Project("{9A19103F-16F7-4668-BE54-9A1E7A4F7556}") = "Handlebars.Net.Helpers.Tests", "test\Handlebars.Net.Helpers.Tests\Handlebars.Net.Helpers.Tests.csproj", "{AEEF0925-0931-41B5-A3C5-C6A215560EBC}"
EndProject
Project("{2150E333-8FDC-42A3-9474-1A3956D46DE8}") = "examples", "examples", "{845A8FA6-E56E-4BB4-AD92-29093BB2CA09}"
EndProject
Project("{9A19103F-16F7-4668-BE54-9A1E7A4F7556}") = "ConsoleApp", "examples\ConsoleApp\ConsoleApp.csproj", "{9FB96AFF-4346-4CFF-A85B-0B88AC1149A1}"
EndProject
Project("{9A19103F-16F7-4668-BE54-9A1E7A4F7556}") = "Handlebars.Net.Helpers", "src\Handlebars.Net.Helpers\Handlebars.Net.Helpers.csproj", "{FD1CF989-3F17-4F38-A5F4-EDECC647D237}"
EndProject
Project("{2150E333-8FDC-42A3-9474-1A3956D46DE8}") = "Solution Items", "Solution Items", "{01DFE66D-E850-4ADC-A0FC-A3A13B896CDA}"
	ProjectSection(SolutionItems) = preProject
		CHANGELOG.md = CHANGELOG.md
		Directory.Build.props = Directory.Build.props
		Generate-ReleaseNotes.cmd = Generate-ReleaseNotes.cmd
		README.md = README.md
	EndProjectSection
EndProject
Project("{9A19103F-16F7-4668-BE54-9A1E7A4F7556}") = "Handlebars.Net.Helpers.XPath", "src\Handlebars.Net.Helpers.XPath\Handlebars.Net.Helpers.XPath.csproj", "{42D47A7E-EF66-477D-A524-45EEC130EA67}"
EndProject
Project("{9A19103F-16F7-4668-BE54-9A1E7A4F7556}") = "Handlebars.Net.Helpers.Core", "src\Handlebars.Net.Helpers.Core\Handlebars.Net.Helpers.Core.csproj", "{7CBD113C-A754-480B-B0D0-AA9DF734F612}"
EndProject
Project("{9A19103F-16F7-4668-BE54-9A1E7A4F7556}") = "Handlebars.Net.Helpers.Xeger", "src\Handlebars.Net.Helpers.Xeger\Handlebars.Net.Helpers.Xeger.csproj", "{2278B30D-D61C-4FEB-8AEB-2EC9AE84693B}"
EndProject
Project("{9A19103F-16F7-4668-BE54-9A1E7A4F7556}") = "Handlebars.Net.Helpers.Random", "src\Handlebars.Net.Helpers.Random\Handlebars.Net.Helpers.Random.csproj", "{2A78B30D-D61C-4FEB-4567-2EC9AE84693B}"
EndProject
Project("{9A19103F-16F7-4668-BE54-9A1E7A4F7556}") = "Handlebars.Net.Helpers.Json", "src\Handlebars.Net.Helpers.Json\Handlebars.Net.Helpers.Json.csproj", "{181B9A96-5662-44AA-8685-E68E1263125A}"
EndProject
Project("{9A19103F-16F7-4668-BE54-9A1E7A4F7556}") = "Handlebars.Net.Helpers.DynamicLinq", "src\Handlebars.Net.Helpers.DynamicLinq\Handlebars.Net.Helpers.DynamicLinq.csproj", "{181B9A96-5662-BBAA-5678-BB8E1263125A}"
EndProject
Project("{9A19103F-16F7-4668-BE54-9A1E7A4F7556}") = "Handlebars.Net.Helpers.Humanizer", "src\Handlebars.Net.Helpers.Humanizer\Handlebars.Net.Helpers.Humanizer.csproj", "{181B9A96-5662-44AA-8685-E68E12631A55}"
EndProject
Project("{2150E333-8FDC-42A3-9474-1A3956D46DE8}") = "Azure DevOps", "Azure DevOps", "{CD74732D-97D6-4FC4-A7E5-B446D64814DF}"
	ProjectSection(SolutionItems) = preProject
		azure-pipeline-ci.yml = azure-pipeline-ci.yml
		azure-pipelines-nuget.yml = azure-pipelines-nuget.yml
	EndProjectSection
EndProject
Project("{9A19103F-16F7-4668-BE54-9A1E7A4F7556}") = "Handlebars.Net.Helpers.Xslt", "src\Handlebars.Net.Helpers.Xslt\Handlebars.Net.Helpers.Xslt.csproj", "{E9A5CF6C-544C-4D1C-8AAD-EF4144FF7E9D}"
EndProject
Global
	GlobalSection(SolutionConfigurationPlatforms) = preSolution
		Debug|Any CPU = Debug|Any CPU
		Release|Any CPU = Release|Any CPU
	EndGlobalSection
	GlobalSection(ProjectConfigurationPlatforms) = postSolution
		{AEEF0925-0931-41B5-A3C5-C6A215560EBC}.Debug|Any CPU.ActiveCfg = Debug|Any CPU
		{AEEF0925-0931-41B5-A3C5-C6A215560EBC}.Debug|Any CPU.Build.0 = Debug|Any CPU
		{AEEF0925-0931-41B5-A3C5-C6A215560EBC}.Release|Any CPU.ActiveCfg = Release|Any CPU
		{AEEF0925-0931-41B5-A3C5-C6A215560EBC}.Release|Any CPU.Build.0 = Release|Any CPU
		{9FB96AFF-4346-4CFF-A85B-0B88AC1149A1}.Debug|Any CPU.ActiveCfg = Debug|Any CPU
		{9FB96AFF-4346-4CFF-A85B-0B88AC1149A1}.Debug|Any CPU.Build.0 = Debug|Any CPU
		{9FB96AFF-4346-4CFF-A85B-0B88AC1149A1}.Release|Any CPU.ActiveCfg = Release|Any CPU
		{9FB96AFF-4346-4CFF-A85B-0B88AC1149A1}.Release|Any CPU.Build.0 = Release|Any CPU
		{FD1CF989-3F17-4F38-A5F4-EDECC647D237}.Debug|Any CPU.ActiveCfg = Debug|Any CPU
		{FD1CF989-3F17-4F38-A5F4-EDECC647D237}.Debug|Any CPU.Build.0 = Debug|Any CPU
		{FD1CF989-3F17-4F38-A5F4-EDECC647D237}.Release|Any CPU.ActiveCfg = Release|Any CPU
		{FD1CF989-3F17-4F38-A5F4-EDECC647D237}.Release|Any CPU.Build.0 = Release|Any CPU
		{42D47A7E-EF66-477D-A524-45EEC130EA67}.Debug|Any CPU.ActiveCfg = Debug|Any CPU
		{42D47A7E-EF66-477D-A524-45EEC130EA67}.Debug|Any CPU.Build.0 = Debug|Any CPU
		{42D47A7E-EF66-477D-A524-45EEC130EA67}.Release|Any CPU.ActiveCfg = Release|Any CPU
		{42D47A7E-EF66-477D-A524-45EEC130EA67}.Release|Any CPU.Build.0 = Release|Any CPU
		{7CBD113C-A754-480B-B0D0-AA9DF734F612}.Debug|Any CPU.ActiveCfg = Debug|Any CPU
		{7CBD113C-A754-480B-B0D0-AA9DF734F612}.Debug|Any CPU.Build.0 = Debug|Any CPU
		{7CBD113C-A754-480B-B0D0-AA9DF734F612}.Release|Any CPU.ActiveCfg = Release|Any CPU
		{7CBD113C-A754-480B-B0D0-AA9DF734F612}.Release|Any CPU.Build.0 = Release|Any CPU
		{2278B30D-D61C-4FEB-8AEB-2EC9AE84693B}.Debug|Any CPU.ActiveCfg = Debug|Any CPU
		{2278B30D-D61C-4FEB-8AEB-2EC9AE84693B}.Debug|Any CPU.Build.0 = Debug|Any CPU
		{2278B30D-D61C-4FEB-8AEB-2EC9AE84693B}.Release|Any CPU.ActiveCfg = Release|Any CPU
		{2278B30D-D61C-4FEB-8AEB-2EC9AE84693B}.Release|Any CPU.Build.0 = Release|Any CPU
		{2A78B30D-D61C-4FEB-4567-2EC9AE84693B}.Debug|Any CPU.ActiveCfg = Debug|Any CPU
		{2A78B30D-D61C-4FEB-4567-2EC9AE84693B}.Debug|Any CPU.Build.0 = Debug|Any CPU
		{2A78B30D-D61C-4FEB-4567-2EC9AE84693B}.Release|Any CPU.ActiveCfg = Release|Any CPU
		{2A78B30D-D61C-4FEB-4567-2EC9AE84693B}.Release|Any CPU.Build.0 = Release|Any CPU
		{181B9A96-5662-44AA-8685-E68E1263125A}.Debug|Any CPU.ActiveCfg = Debug|Any CPU
		{181B9A96-5662-44AA-8685-E68E1263125A}.Debug|Any CPU.Build.0 = Debug|Any CPU
		{181B9A96-5662-44AA-8685-E68E1263125A}.Release|Any CPU.ActiveCfg = Release|Any CPU
		{181B9A96-5662-44AA-8685-E68E1263125A}.Release|Any CPU.Build.0 = Release|Any CPU
		{181B9A96-5662-BBAA-5678-BB8E1263125A}.Debug|Any CPU.ActiveCfg = Debug|Any CPU
		{181B9A96-5662-BBAA-5678-BB8E1263125A}.Debug|Any CPU.Build.0 = Debug|Any CPU
		{181B9A96-5662-BBAA-5678-BB8E1263125A}.Release|Any CPU.ActiveCfg = Release|Any CPU
		{181B9A96-5662-BBAA-5678-BB8E1263125A}.Release|Any CPU.Build.0 = Release|Any CPU
		{181B9A96-5662-44AA-8685-E68E12631A55}.Debug|Any CPU.ActiveCfg = Debug|Any CPU
		{181B9A96-5662-44AA-8685-E68E12631A55}.Debug|Any CPU.Build.0 = Debug|Any CPU
		{181B9A96-5662-44AA-8685-E68E12631A55}.Release|Any CPU.ActiveCfg = Release|Any CPU
		{181B9A96-5662-44AA-8685-E68E12631A55}.Release|Any CPU.Build.0 = Release|Any CPU
		{E9A5CF6C-544C-4D1C-8AAD-EF4144FF7E9D}.Debug|Any CPU.ActiveCfg = Debug|Any CPU
		{E9A5CF6C-544C-4D1C-8AAD-EF4144FF7E9D}.Debug|Any CPU.Build.0 = Debug|Any CPU
		{E9A5CF6C-544C-4D1C-8AAD-EF4144FF7E9D}.Release|Any CPU.ActiveCfg = Release|Any CPU
		{E9A5CF6C-544C-4D1C-8AAD-EF4144FF7E9D}.Release|Any CPU.Build.0 = Release|Any CPU
	EndGlobalSection
	GlobalSection(SolutionProperties) = preSolution
		HideSolutionNode = FALSE
	EndGlobalSection
	GlobalSection(NestedProjects) = preSolution
		{AEEF0925-0931-41B5-A3C5-C6A215560EBC} = {A86EFFD3-A604-4591-B5CA-4E778CCFC081}
		{9FB96AFF-4346-4CFF-A85B-0B88AC1149A1} = {845A8FA6-E56E-4BB4-AD92-29093BB2CA09}
		{FD1CF989-3F17-4F38-A5F4-EDECC647D237} = {BA564CB5-1908-41F9-A32A-3535BBE0E8C6}
		{42D47A7E-EF66-477D-A524-45EEC130EA67} = {BA564CB5-1908-41F9-A32A-3535BBE0E8C6}
		{7CBD113C-A754-480B-B0D0-AA9DF734F612} = {BA564CB5-1908-41F9-A32A-3535BBE0E8C6}
		{2278B30D-D61C-4FEB-8AEB-2EC9AE84693B} = {BA564CB5-1908-41F9-A32A-3535BBE0E8C6}
		{2A78B30D-D61C-4FEB-4567-2EC9AE84693B} = {BA564CB5-1908-41F9-A32A-3535BBE0E8C6}
		{181B9A96-5662-44AA-8685-E68E1263125A} = {BA564CB5-1908-41F9-A32A-3535BBE0E8C6}
		{181B9A96-5662-BBAA-5678-BB8E1263125A} = {BA564CB5-1908-41F9-A32A-3535BBE0E8C6}
		{181B9A96-5662-44AA-8685-E68E12631A55} = {BA564CB5-1908-41F9-A32A-3535BBE0E8C6}
		{CD74732D-97D6-4FC4-A7E5-B446D64814DF} = {01DFE66D-E850-4ADC-A0FC-A3A13B896CDA}
		{E9A5CF6C-544C-4D1C-8AAD-EF4144FF7E9D} = {BA564CB5-1908-41F9-A32A-3535BBE0E8C6}
	EndGlobalSection
	GlobalSection(ExtensibilityGlobals) = postSolution
		SolutionGuid = {FC1E6DF8-EC39-439B-ABF0-EE3786C5C0F6}
	EndGlobalSection
EndGlobal
